
Microsoft Visual Studio Solution File, Format Version 12.00
# Visual Studio Version 17
VisualStudioVersion = 17.7.34031.279
MinimumVisualStudioVersion = 10.0.40219.1
Project("{FAE04EC0-301F-11D3-BF4B-00C04F79EFBC}") = "Gym_Budy_2.0", "Gym_Budy_2.0.csproj", "{D7A33D8C-ECEF-4C90-B626-03B936F5ADAD}"
EndProject
Project("{2150E333-8FDC-42A3-9474-1A3956D46DE8}") = "Solution Items", "Solution Items", "{9D8343F4-08F2-48AB-A4B1-E78BDC7D0ECC}"
	ProjectSection(SolutionItems) = preProject
		.editorconfig = .editorconfig
	EndProjectSection
EndProject
Global
	GlobalSection(SolutionConfigurationPlatforms) = preSolution
		Debug|Any CPU = Debug|Any CPU
		Release|Any CPU = Release|Any CPU
	EndGlobalSection
	GlobalSection(ProjectConfigurationPlatforms) = postSolution
		{D7A33D8C-ECEF-4C90-B626-03B936F5ADAD}.Debug|Any CPU.ActiveCfg = Debug|Any CPU
		{D7A33D8C-ECEF-4C90-B626-03B936F5ADAD}.Debug|Any CPU.Build.0 = Debug|Any CPU
		{D7A33D8C-ECEF-4C90-B626-03B936F5ADAD}.Release|Any CPU.ActiveCfg = Release|Any CPU
		{D7A33D8C-ECEF-4C90-B626-03B936F5ADAD}.Release|Any CPU.Build.0 = Release|Any CPU
	EndGlobalSection
	GlobalSection(SolutionProperties) = preSolution
		HideSolutionNode = FALSE
	EndGlobalSection
	GlobalSection(ExtensibilityGlobals) = postSolution
		SolutionGuid = {5B08A04D-69C1-4F6F-BD65-1F2FB650F8C9}
	EndGlobalSection
EndGlobal
